// !$*UTF8*$!
{
	archiveVersion = 1;
	classes = {
	};
	objectVersion = 46;
	objects = {

/* Begin PBXBuildFile section */
		4C1370FF1DA5318E00556B27 /* XMGRecommendUserCell.m in Sources */ = {isa = PBXBuildFile; fileRef = 4C1370FD1DA5318E00556B27 /* XMGRecommendUserCell.m */; };
		4C1371001DA5318E00556B27 /* XMGRecommendUserCell.xib in Resources */ = {isa = PBXBuildFile; fileRef = 4C1370FE1DA5318E00556B27 /* XMGRecommendUserCell.xib */; };
		4C1371031DA5378900556B27 /* XMGRecommendUser.m in Sources */ = {isa = PBXBuildFile; fileRef = 4C1371021DA5378900556B27 /* XMGRecommendUser.m */; };
		4C4FA7041DA28B3900ED0F85 /* XMGEssenceViewController.m in Sources */ = {isa = PBXBuildFile; fileRef = 4C4FA6DF1DA28B3900ED0F85 /* XMGEssenceViewController.m */; };
		4C4FA7051DA28B3900ED0F85 /* XMGFriendTrendsViewController.m in Sources */ = {isa = PBXBuildFile; fileRef = 4C4FA6E51DA28B3900ED0F85 /* XMGFriendTrendsViewController.m */; };
		4C4FA7071DA28B3900ED0F85 /* XMGMeViewController.m in Sources */ = {isa = PBXBuildFile; fileRef = 4C4FA6EC1DA28B3900ED0F85 /* XMGMeViewController.m */; };
		4C4FA7081DA28B3900ED0F85 /* XMGNewViewController.m in Sources */ = {isa = PBXBuildFile; fileRef = 4C4FA6F21DA28B3900ED0F85 /* XMGNewViewController.m */; };
		4C4FA7091DA28B3900ED0F85 /* AppDelegate.m in Sources */ = {isa = PBXBuildFile; fileRef = 4C4FA6F71DA28B3900ED0F85 /* AppDelegate.m */; };
		4C4FA70A1DA28B3900ED0F85 /* UIBarButtonItem+XMGExtension.m in Sources */ = {isa = PBXBuildFile; fileRef = 4C4FA6FA1DA28B3900ED0F85 /* UIBarButtonItem+XMGExtension.m */; };
		4C4FA70B1DA28B3900ED0F85 /* UIView+XMGExtension.m in Sources */ = {isa = PBXBuildFile; fileRef = 4C4FA6FC1DA28B3900ED0F85 /* UIView+XMGExtension.m */; };
		4C4FA70C1DA28B3900ED0F85 /* XMGTabBarController.m in Sources */ = {isa = PBXBuildFile; fileRef = 4C4FA6FF1DA28B3900ED0F85 /* XMGTabBarController.m */; };
		4C4FA70D1DA28B3900ED0F85 /* XMGTabBar.m in Sources */ = {isa = PBXBuildFile; fileRef = 4C4FA7031DA28B3900ED0F85 /* XMGTabBar.m */; };
		4C4FA70F1DA28B7800ED0F85 /* main.m in Sources */ = {isa = PBXBuildFile; fileRef = 4C4FA70E1DA28B7800ED0F85 /* main.m */; };
		4C5ED8531DA4A47400F92774 /* XMGRecommendCategory.m in Sources */ = {isa = PBXBuildFile; fileRef = 4C5ED8521DA4A47400F92774 /* XMGRecommendCategory.m */; };
		4C5ED8571DA4ADCB00F92774 /* XMGRecommendCategoryCell.m in Sources */ = {isa = PBXBuildFile; fileRef = 4C5ED8551DA4ADCB00F92774 /* XMGRecommendCategoryCell.m */; };
		4C5ED8581DA4ADCB00F92774 /* XMGRecommendCategoryCell.xib in Resources */ = {isa = PBXBuildFile; fileRef = 4C5ED8561DA4ADCB00F92774 /* XMGRecommendCategoryCell.xib */; };
		4C6D99901DA38A47007D6F71 /* XMGNavigationController.m in Sources */ = {isa = PBXBuildFile; fileRef = 4C6D998F1DA38A47007D6F71 /* XMGNavigationController.m */; };
		4C6D99921DA3DFF0007D6F71 /* XMGFriendTrendsViewController.xib in Resources */ = {isa = PBXBuildFile; fileRef = 4C6D99911DA3DFF0007D6F71 /* XMGFriendTrendsViewController.xib */; };
		4C6D99961DA3F37F007D6F71 /* XMGRecommendViewController.m in Sources */ = {isa = PBXBuildFile; fileRef = 4C6D99941DA3F37F007D6F71 /* XMGRecommendViewController.m */; };
		4C6D99971DA3F37F007D6F71 /* XMGRecommendViewController.xib in Resources */ = {isa = PBXBuildFile; fileRef = 4C6D99951DA3F37F007D6F71 /* XMGRecommendViewController.xib */; };
		4C6D99991DA3F882007D6F71 /* Foundation+Log.m in Sources */ = {isa = PBXBuildFile; fileRef = 4C6D99981DA3F882007D6F71 /* Foundation+Log.m */; };
		4CDC62D21D9FF5A100198F3C /* Assets.xcassets in Resources */ = {isa = PBXBuildFile; fileRef = 4CDC62D11D9FF5A100198F3C /* Assets.xcassets */; };
		963373585EF58DD9ADB7DFB6 /* libPods-ProblemSister.a in Frameworks */ = {isa = PBXBuildFile; fileRef = F1B1E9F715E6D1F3E4D4A38A /* libPods-ProblemSister.a */; };
/* End PBXBuildFile section */

/* Begin PBXFileReference section */
		1A930E0CB91491A5CFBD719A /* Pods-ProblemSister.debug.xcconfig */ = {isa = PBXFileReference; includeInIndex = 1; lastKnownFileType = text.xcconfig; name = "Pods-ProblemSister.debug.xcconfig"; path = "Pods/Target Support Files/Pods-ProblemSister/Pods-ProblemSister.debug.xcconfig"; sourceTree = "<group>"; };
		4C1370FC1DA5318E00556B27 /* XMGRecommendUserCell.h */ = {isa = PBXFileReference; fileEncoding = 4; lastKnownFileType = sourcecode.c.h; path = XMGRecommendUserCell.h; sourceTree = "<group>"; };
		4C1370FD1DA5318E00556B27 /* XMGRecommendUserCell.m */ = {isa = PBXFileReference; fileEncoding = 4; lastKnownFileType = sourcecode.c.objc; path = XMGRecommendUserCell.m; sourceTree = "<group>"; };
		4C1370FE1DA5318E00556B27 /* XMGRecommendUserCell.xib */ = {isa = PBXFileReference; fileEncoding = 4; lastKnownFileType = file.xib; path = XMGRecommendUserCell.xib; sourceTree = "<group>"; };
		4C1371011DA5378900556B27 /* XMGRecommendUser.h */ = {isa = PBXFileReference; fileEncoding = 4; lastKnownFileType = sourcecode.c.h; path = XMGRecommendUser.h; sourceTree = "<group>"; };
		4C1371021DA5378900556B27 /* XMGRecommendUser.m */ = {isa = PBXFileReference; fileEncoding = 4; lastKnownFileType = sourcecode.c.objc; path = XMGRecommendUser.m; sourceTree = "<group>"; };
		4C4FA6DE1DA28B3900ED0F85 /* XMGEssenceViewController.h */ = {isa = PBXFileReference; fileEncoding = 4; lastKnownFileType = sourcecode.c.h; path = XMGEssenceViewController.h; sourceTree = "<group>"; };
		4C4FA6DF1DA28B3900ED0F85 /* XMGEssenceViewController.m */ = {isa = PBXFileReference; fileEncoding = 4; lastKnownFileType = sourcecode.c.objc; path = XMGEssenceViewController.m; sourceTree = "<group>"; };
		4C4FA6E41DA28B3900ED0F85 /* XMGFriendTrendsViewController.h */ = {isa = PBXFileReference; fileEncoding = 4; lastKnownFileType = sourcecode.c.h; path = XMGFriendTrendsViewController.h; sourceTree = "<group>"; };
		4C4FA6E51DA28B3900ED0F85 /* XMGFriendTrendsViewController.m */ = {isa = PBXFileReference; fileEncoding = 4; lastKnownFileType = sourcecode.c.objc; path = XMGFriendTrendsViewController.m; sourceTree = "<group>"; };
		4C4FA6EB1DA28B3900ED0F85 /* XMGMeViewController.h */ = {isa = PBXFileReference; fileEncoding = 4; lastKnownFileType = sourcecode.c.h; path = XMGMeViewController.h; sourceTree = "<group>"; };
		4C4FA6EC1DA28B3900ED0F85 /* XMGMeViewController.m */ = {isa = PBXFileReference; fileEncoding = 4; lastKnownFileType = sourcecode.c.objc; path = XMGMeViewController.m; sourceTree = "<group>"; };
		4C4FA6F11DA28B3900ED0F85 /* XMGNewViewController.h */ = {isa = PBXFileReference; fileEncoding = 4; lastKnownFileType = sourcecode.c.h; path = XMGNewViewController.h; sourceTree = "<group>"; };
		4C4FA6F21DA28B3900ED0F85 /* XMGNewViewController.m */ = {isa = PBXFileReference; fileEncoding = 4; lastKnownFileType = sourcecode.c.objc; path = XMGNewViewController.m; sourceTree = "<group>"; };
		4C4FA6F61DA28B3900ED0F85 /* AppDelegate.h */ = {isa = PBXFileReference; fileEncoding = 4; lastKnownFileType = sourcecode.c.h; path = AppDelegate.h; sourceTree = "<group>"; };
		4C4FA6F71DA28B3900ED0F85 /* AppDelegate.m */ = {isa = PBXFileReference; fileEncoding = 4; lastKnownFileType = sourcecode.c.objc; path = AppDelegate.m; sourceTree = "<group>"; };
		4C4FA6F91DA28B3900ED0F85 /* UIBarButtonItem+XMGExtension.h */ = {isa = PBXFileReference; fileEncoding = 4; lastKnownFileType = sourcecode.c.h; path = "UIBarButtonItem+XMGExtension.h"; sourceTree = "<group>"; };
		4C4FA6FA1DA28B3900ED0F85 /* UIBarButtonItem+XMGExtension.m */ = {isa = PBXFileReference; fileEncoding = 4; lastKnownFileType = sourcecode.c.objc; path = "UIBarButtonItem+XMGExtension.m"; sourceTree = "<group>"; };
		4C4FA6FB1DA28B3900ED0F85 /* UIView+XMGExtension.h */ = {isa = PBXFileReference; fileEncoding = 4; lastKnownFileType = sourcecode.c.h; path = "UIView+XMGExtension.h"; sourceTree = "<group>"; };
		4C4FA6FC1DA28B3900ED0F85 /* UIView+XMGExtension.m */ = {isa = PBXFileReference; fileEncoding = 4; lastKnownFileType = sourcecode.c.objc; path = "UIView+XMGExtension.m"; sourceTree = "<group>"; };
		4C4FA6FE1DA28B3900ED0F85 /* XMGTabBarController.h */ = {isa = PBXFileReference; fileEncoding = 4; lastKnownFileType = sourcecode.c.h; path = XMGTabBarController.h; sourceTree = "<group>"; };
		4C4FA6FF1DA28B3900ED0F85 /* XMGTabBarController.m */ = {isa = PBXFileReference; fileEncoding = 4; lastKnownFileType = sourcecode.c.objc; path = XMGTabBarController.m; sourceTree = "<group>"; };
		4C4FA7001DA28B3900ED0F85 /* PrefixHeader.pch */ = {isa = PBXFileReference; fileEncoding = 4; lastKnownFileType = sourcecode.c.h; path = PrefixHeader.pch; sourceTree = "<group>"; };
		4C4FA7021DA28B3900ED0F85 /* XMGTabBar.h */ = {isa = PBXFileReference; fileEncoding = 4; lastKnownFileType = sourcecode.c.h; path = XMGTabBar.h; sourceTree = "<group>"; };
		4C4FA7031DA28B3900ED0F85 /* XMGTabBar.m */ = {isa = PBXFileReference; fileEncoding = 4; lastKnownFileType = sourcecode.c.objc; path = XMGTabBar.m; sourceTree = "<group>"; };
		4C4FA70E1DA28B7800ED0F85 /* main.m */ = {isa = PBXFileReference; fileEncoding = 4; lastKnownFileType = sourcecode.c.objc; path = main.m; sourceTree = "<group>"; };
		4C5ED8511DA4A47400F92774 /* XMGRecommendCategory.h */ = {isa = PBXFileReference; fileEncoding = 4; lastKnownFileType = sourcecode.c.h; path = XMGRecommendCategory.h; sourceTree = "<group>"; };
		4C5ED8521DA4A47400F92774 /* XMGRecommendCategory.m */ = {isa = PBXFileReference; fileEncoding = 4; lastKnownFileType = sourcecode.c.objc; path = XMGRecommendCategory.m; sourceTree = "<group>"; };
		4C5ED8541DA4ADCB00F92774 /* XMGRecommendCategoryCell.h */ = {isa = PBXFileReference; fileEncoding = 4; lastKnownFileType = sourcecode.c.h; path = XMGRecommendCategoryCell.h; sourceTree = "<group>"; };
		4C5ED8551DA4ADCB00F92774 /* XMGRecommendCategoryCell.m */ = {isa = PBXFileReference; fileEncoding = 4; lastKnownFileType = sourcecode.c.objc; path = XMGRecommendCategoryCell.m; sourceTree = "<group>"; };
		4C5ED8561DA4ADCB00F92774 /* XMGRecommendCategoryCell.xib */ = {isa = PBXFileReference; fileEncoding = 4; lastKnownFileType = file.xib; path = XMGRecommendCategoryCell.xib; sourceTree = "<group>"; };
		4C6D998E1DA38A47007D6F71 /* XMGNavigationController.h */ = {isa = PBXFileReference; fileEncoding = 4; lastKnownFileType = sourcecode.c.h; path = XMGNavigationController.h; sourceTree = "<group>"; };
		4C6D998F1DA38A47007D6F71 /* XMGNavigationController.m */ = {isa = PBXFileReference; fileEncoding = 4; lastKnownFileType = sourcecode.c.objc; path = XMGNavigationController.m; sourceTree = "<group>"; };
		4C6D99911DA3DFF0007D6F71 /* XMGFriendTrendsViewController.xib */ = {isa = PBXFileReference; fileEncoding = 4; lastKnownFileType = file.xib; path = XMGFriendTrendsViewController.xib; sourceTree = "<group>"; };
		4C6D99931DA3F37F007D6F71 /* XMGRecommendViewController.h */ = {isa = PBXFileReference; fileEncoding = 4; lastKnownFileType = sourcecode.c.h; path = XMGRecommendViewController.h; sourceTree = "<group>"; };
		4C6D99941DA3F37F007D6F71 /* XMGRecommendViewController.m */ = {isa = PBXFileReference; fileEncoding = 4; lastKnownFileType = sourcecode.c.objc; path = XMGRecommendViewController.m; sourceTree = "<group>"; };
		4C6D99951DA3F37F007D6F71 /* XMGRecommendViewController.xib */ = {isa = PBXFileReference; fileEncoding = 4; lastKnownFileType = file.xib; path = XMGRecommendViewController.xib; sourceTree = "<group>"; };
		4C6D99981DA3F882007D6F71 /* Foundation+Log.m */ = {isa = PBXFileReference; fileEncoding = 4; lastKnownFileType = sourcecode.c.objc; path = "Foundation+Log.m"; sourceTree = "<group>"; };
		4CDC62C21D9FF5A100198F3C /* ProblemSister.app */ = {isa = PBXFileReference; explicitFileType = wrapper.application; includeInIndex = 0; path = ProblemSister.app; sourceTree = BUILT_PRODUCTS_DIR; };
		4CDC62D11D9FF5A100198F3C /* Assets.xcassets */ = {isa = PBXFileReference; lastKnownFileType = folder.assetcatalog; path = Assets.xcassets; sourceTree = "<group>"; };
		4CDC62D61D9FF5A100198F3C /* Info.plist */ = {isa = PBXFileReference; lastKnownFileType = text.plist.xml; path = Info.plist; sourceTree = "<group>"; };
		CC44D4436B15C2AD4FC462E8 /* Pods-ProblemSister.release.xcconfig */ = {isa = PBXFileReference; includeInIndex = 1; lastKnownFileType = text.xcconfig; name = "Pods-ProblemSister.release.xcconfig"; path = "Pods/Target Support Files/Pods-ProblemSister/Pods-ProblemSister.release.xcconfig"; sourceTree = "<group>"; };
		F1B1E9F715E6D1F3E4D4A38A /* libPods-ProblemSister.a */ = {isa = PBXFileReference; explicitFileType = archive.ar; includeInIndex = 0; path = "libPods-ProblemSister.a"; sourceTree = BUILT_PRODUCTS_DIR; };
/* End PBXFileReference section */

/* Begin PBXFrameworksBuildPhase section */
		4CDC62BF1D9FF5A100198F3C /* Frameworks */ = {
			isa = PBXFrameworksBuildPhase;
			buildActionMask = 2147483647;
			files = (
				963373585EF58DD9ADB7DFB6 /* libPods-ProblemSister.a in Frameworks */,
			);
			runOnlyForDeploymentPostprocessing = 0;
		};
/* End PBXFrameworksBuildPhase section */

/* Begin PBXGroup section */
		41300ABC556CDDA7EE38EE4C /* Pods */ = {
			isa = PBXGroup;
			children = (
				1A930E0CB91491A5CFBD719A /* Pods-ProblemSister.debug.xcconfig */,
				CC44D4436B15C2AD4FC462E8 /* Pods-ProblemSister.release.xcconfig */,
			);
			name = Pods;
			sourceTree = "<group>";
		};
		4C4FA6DB1DA28B3900ED0F85 /* Classes */ = {
			isa = PBXGroup;
			children = (
				4C4FA6DC1DA28B3900ED0F85 /* Essence-精华 */,
				4C4FA6EF1DA28B3900ED0F85 /* New-新帖 */,
				4C4FA6E21DA28B3900ED0F85 /* FriendTrends-关注 */,
				4C4FA6E91DA28B3900ED0F85 /* Me-我 */,
				4C4FA6F51DA28B3900ED0F85 /* Other-其他 */,
			);
			path = Classes;
			sourceTree = "<group>";
		};
		4C4FA6DC1DA28B3900ED0F85 /* Essence-精华 */ = {
			isa = PBXGroup;
			children = (
				4C4FA6DD1DA28B3900ED0F85 /* Controller */,
				4C4FA6E01DA28B3900ED0F85 /* Model */,
				4C4FA6E11DA28B3900ED0F85 /* View */,
			);
			path = "Essence-精华";
			sourceTree = "<group>";
		};
		4C4FA6DD1DA28B3900ED0F85 /* Controller */ = {
			isa = PBXGroup;
			children = (
				4C4FA6DE1DA28B3900ED0F85 /* XMGEssenceViewController.h */,
				4C4FA6DF1DA28B3900ED0F85 /* XMGEssenceViewController.m */,
			);
			path = Controller;
			sourceTree = "<group>";
		};
		4C4FA6E01DA28B3900ED0F85 /* Model */ = {
			isa = PBXGroup;
			children = (
			);
			path = Model;
			sourceTree = "<group>";
		};
		4C4FA6E11DA28B3900ED0F85 /* View */ = {
			isa = PBXGroup;
			children = (
			);
			path = View;
			sourceTree = "<group>";
		};
		4C4FA6E21DA28B3900ED0F85 /* FriendTrends-关注 */ = {
			isa = PBXGroup;
			children = (
				4C4FA6E31DA28B3900ED0F85 /* Controller */,
				4C4FA6E61DA28B3900ED0F85 /* Model */,
				4C4FA6E71DA28B3900ED0F85 /* View */,
			);
			path = "FriendTrends-关注";
			sourceTree = "<group>";
		};
		4C4FA6E31DA28B3900ED0F85 /* Controller */ = {
			isa = PBXGroup;
			children = (
				4C4FA6E41DA28B3900ED0F85 /* XMGFriendTrendsViewController.h */,
				4C4FA6E51DA28B3900ED0F85 /* XMGFriendTrendsViewController.m */,
				4C6D99911DA3DFF0007D6F71 /* XMGFriendTrendsViewController.xib */,
				4C6D99931DA3F37F007D6F71 /* XMGRecommendViewController.h */,
				4C6D99941DA3F37F007D6F71 /* XMGRecommendViewController.m */,
				4C6D99951DA3F37F007D6F71 /* XMGRecommendViewController.xib */,
			);
			path = Controller;
			sourceTree = "<group>";
		};
		4C4FA6E61DA28B3900ED0F85 /* Model */ = {
			isa = PBXGroup;
			children = (
				4C5ED8511DA4A47400F92774 /* XMGRecommendCategory.h */,
				4C5ED8521DA4A47400F92774 /* XMGRecommendCategory.m */,
				4C1371011DA5378900556B27 /* XMGRecommendUser.h */,
				4C1371021DA5378900556B27 /* XMGRecommendUser.m */,
			);
			path = Model;
			sourceTree = "<group>";
		};
		4C4FA6E71DA28B3900ED0F85 /* View */ = {
			isa = PBXGroup;
			children = (
				4C5ED8541DA4ADCB00F92774 /* XMGRecommendCategoryCell.h */,
				4C5ED8551DA4ADCB00F92774 /* XMGRecommendCategoryCell.m */,
				4C5ED8561DA4ADCB00F92774 /* XMGRecommendCategoryCell.xib */,
				4C1370FC1DA5318E00556B27 /* XMGRecommendUserCell.h */,
				4C1370FD1DA5318E00556B27 /* XMGRecommendUserCell.m */,
				4C1370FE1DA5318E00556B27 /* XMGRecommendUserCell.xib */,
			);
			path = View;
			sourceTree = "<group>";
		};
		4C4FA6E91DA28B3900ED0F85 /* Me-我 */ = {
			isa = PBXGroup;
			children = (
				4C4FA6EA1DA28B3900ED0F85 /* Controller */,
				4C4FA6ED1DA28B3900ED0F85 /* Model */,
				4C4FA6EE1DA28B3900ED0F85 /* View */,
			);
			path = "Me-我";
			sourceTree = "<group>";
		};
		4C4FA6EA1DA28B3900ED0F85 /* Controller */ = {
			isa = PBXGroup;
			children = (
				4C4FA6EB1DA28B3900ED0F85 /* XMGMeViewController.h */,
				4C4FA6EC1DA28B3900ED0F85 /* XMGMeViewController.m */,
			);
			path = Controller;
			sourceTree = "<group>";
		};
		4C4FA6ED1DA28B3900ED0F85 /* Model */ = {
			isa = PBXGroup;
			children = (
			);
			path = Model;
			sourceTree = "<group>";
		};
		4C4FA6EE1DA28B3900ED0F85 /* View */ = {
			isa = PBXGroup;
			children = (
			);
			path = View;
			sourceTree = "<group>";
		};
		4C4FA6EF1DA28B3900ED0F85 /* New-新帖 */ = {
			isa = PBXGroup;
			children = (
				4C4FA6F01DA28B3900ED0F85 /* Controller */,
				4C4FA6F31DA28B3900ED0F85 /* Model */,
				4C4FA6F41DA28B3900ED0F85 /* View */,
			);
			path = "New-新帖";
			sourceTree = "<group>";
		};
		4C4FA6F01DA28B3900ED0F85 /* Controller */ = {
			isa = PBXGroup;
			children = (
				4C4FA6F11DA28B3900ED0F85 /* XMGNewViewController.h */,
				4C4FA6F21DA28B3900ED0F85 /* XMGNewViewController.m */,
			);
			path = Controller;
			sourceTree = "<group>";
		};
		4C4FA6F31DA28B3900ED0F85 /* Model */ = {
			isa = PBXGroup;
			children = (
			);
			path = Model;
			sourceTree = "<group>";
		};
		4C4FA6F41DA28B3900ED0F85 /* View */ = {
			isa = PBXGroup;
			children = (
			);
			path = View;
			sourceTree = "<group>";
		};
		4C4FA6F51DA28B3900ED0F85 /* Other-其他 */ = {
			isa = PBXGroup;
			children = (
				4C4FA6FD1DA28B3900ED0F85 /* Controller */,
				4C4FA7011DA28B3900ED0F85 /* View */,
				4C4FA6F81DA28B3900ED0F85 /* Category */,
				4C4FA6F61DA28B3900ED0F85 /* AppDelegate.h */,
				4C4FA6F71DA28B3900ED0F85 /* AppDelegate.m */,
				4C4FA70E1DA28B7800ED0F85 /* main.m */,
				4C6D99981DA3F882007D6F71 /* Foundation+Log.m */,
				4C4FA7001DA28B3900ED0F85 /* PrefixHeader.pch */,
			);
			path = "Other-其他";
			sourceTree = "<group>";
		};
		4C4FA6F81DA28B3900ED0F85 /* Category */ = {
			isa = PBXGroup;
			children = (
				4C4FA6F91DA28B3900ED0F85 /* UIBarButtonItem+XMGExtension.h */,
				4C4FA6FA1DA28B3900ED0F85 /* UIBarButtonItem+XMGExtension.m */,
				4C4FA6FB1DA28B3900ED0F85 /* UIView+XMGExtension.h */,
				4C4FA6FC1DA28B3900ED0F85 /* UIView+XMGExtension.m */,
			);
			path = Category;
			sourceTree = "<group>";
		};
		4C4FA6FD1DA28B3900ED0F85 /* Controller */ = {
			isa = PBXGroup;
			children = (
				4C4FA6FE1DA28B3900ED0F85 /* XMGTabBarController.h */,
				4C4FA6FF1DA28B3900ED0F85 /* XMGTabBarController.m */,
				4C6D998E1DA38A47007D6F71 /* XMGNavigationController.h */,
				4C6D998F1DA38A47007D6F71 /* XMGNavigationController.m */,
			);
			path = Controller;
			sourceTree = "<group>";
		};
		4C4FA7011DA28B3900ED0F85 /* View */ = {
			isa = PBXGroup;
			children = (
				4C4FA7021DA28B3900ED0F85 /* XMGTabBar.h */,
				4C4FA7031DA28B3900ED0F85 /* XMGTabBar.m */,
			);
			path = View;
			sourceTree = "<group>";
		};
		4CDC62B91D9FF5A000198F3C = {
			isa = PBXGroup;
			children = (
				4CDC62C41D9FF5A100198F3C /* ProblemSister */,
				4CDC62C31D9FF5A100198F3C /* Products */,
				41300ABC556CDDA7EE38EE4C /* Pods */,
				A379BE1AB33F70B123CF0DD0 /* Frameworks */,
			);
			sourceTree = "<group>";
		};
		4CDC62C31D9FF5A100198F3C /* Products */ = {
			isa = PBXGroup;
			children = (
				4CDC62C21D9FF5A100198F3C /* ProblemSister.app */,
			);
			name = Products;
			sourceTree = "<group>";
		};
		4CDC62C41D9FF5A100198F3C /* ProblemSister */ = {
			isa = PBXGroup;
			children = (
				4C4FA6DB1DA28B3900ED0F85 /* Classes */,
				4CDC62C51D9FF5A100198F3C /* Supporting Files */,
			);
			path = ProblemSister;
			sourceTree = "<group>";
		};
		4CDC62C51D9FF5A100198F3C /* Supporting Files */ = {
			isa = PBXGroup;
			children = (
				4CDC62D11D9FF5A100198F3C /* Assets.xcassets */,
				4CDC62D61D9FF5A100198F3C /* Info.plist */,
			);
			name = "Supporting Files";
			sourceTree = "<group>";
		};
		A379BE1AB33F70B123CF0DD0 /* Frameworks */ = {
			isa = PBXGroup;
			children = (
				F1B1E9F715E6D1F3E4D4A38A /* libPods-ProblemSister.a */,
			);
			name = Frameworks;
			sourceTree = "<group>";
		};
/* End PBXGroup section */

/* Begin PBXNativeTarget section */
		4CDC62C11D9FF5A100198F3C /* ProblemSister */ = {
			isa = PBXNativeTarget;
			buildConfigurationList = 4CDC62D91D9FF5A100198F3C /* Build configuration list for PBXNativeTarget "ProblemSister" */;
			buildPhases = (
				C3B1B4E70C46A57D37CC6A72 /* [CP] Check Pods Manifest.lock */,
				4CDC62BE1D9FF5A100198F3C /* Sources */,
				4CDC62BF1D9FF5A100198F3C /* Frameworks */,
				4CDC62C01D9FF5A100198F3C /* Resources */,
				EC60B928ADA5F8C07575876F /* [CP] Embed Pods Frameworks */,
				DA3903DE087229F14009691F /* [CP] Copy Pods Resources */,
			);
			buildRules = (
			);
			dependencies = (
			);
			name = ProblemSister;
			productName = ProblemSister;
			productReference = 4CDC62C21D9FF5A100198F3C /* ProblemSister.app */;
			productType = "com.apple.product-type.application";
		};
/* End PBXNativeTarget section */

/* Begin PBXProject section */
		4CDC62BA1D9FF5A000198F3C /* Project object */ = {
			isa = PBXProject;
			attributes = {
				CLASSPREFIX = XMG;
				LastUpgradeCheck = 0800;
				ORGANIZATIONNAME = Michael;
				TargetAttributes = {
					4CDC62C11D9FF5A100198F3C = {
						CreatedOnToolsVersion = 8.0;
						DevelopmentTeam = 733VCMT28P;
						ProvisioningStyle = Automatic;
					};
				};
			};
			buildConfigurationList = 4CDC62BD1D9FF5A000198F3C /* Build configuration list for PBXProject "ProblemSister" */;
			compatibilityVersion = "Xcode 3.2";
			developmentRegion = English;
			hasScannedForEncodings = 0;
			knownRegions = (
				en,
				Base,
			);
			mainGroup = 4CDC62B91D9FF5A000198F3C;
			productRefGroup = 4CDC62C31D9FF5A100198F3C /* Products */;
			projectDirPath = "";
			projectRoot = "";
			targets = (
				4CDC62C11D9FF5A100198F3C /* ProblemSister */,
			);
		};
/* End PBXProject section */

/* Begin PBXResourcesBuildPhase section */
		4CDC62C01D9FF5A100198F3C /* Resources */ = {
			isa = PBXResourcesBuildPhase;
			buildActionMask = 2147483647;
			files = (
				4C1371001DA5318E00556B27 /* XMGRecommendUserCell.xib in Resources */,
				4CDC62D21D9FF5A100198F3C /* Assets.xcassets in Resources */,
				4C5ED8581DA4ADCB00F92774 /* XMGRecommendCategoryCell.xib in Resources */,
				4C6D99971DA3F37F007D6F71 /* XMGRecommendViewController.xib in Resources */,
				4C6D99921DA3DFF0007D6F71 /* XMGFriendTrendsViewController.xib in Resources */,
			);
			runOnlyForDeploymentPostprocessing = 0;
		};
/* End PBXResourcesBuildPhase section */

/* Begin PBXShellScriptBuildPhase section */
		C3B1B4E70C46A57D37CC6A72 /* [CP] Check Pods Manifest.lock */ = {
			isa = PBXShellScriptBuildPhase;
			buildActionMask = 2147483647;
			files = (
			);
			inputPaths = (
			);
			name = "[CP] Check Pods Manifest.lock";
			outputPaths = (
			);
			runOnlyForDeploymentPostprocessing = 0;
			shellPath = /bin/sh;
			shellScript = "diff \"${PODS_ROOT}/../Podfile.lock\" \"${PODS_ROOT}/Manifest.lock\" > /dev/null\nif [ $? != 0 ] ; then\n    # print error to STDERR\n    echo \"error: The sandbox is not in sync with the Podfile.lock. Run 'pod install' or update your CocoaPods installation.\" >&2\n    exit 1\nfi\n";
			showEnvVarsInLog = 0;
		};
		DA3903DE087229F14009691F /* [CP] Copy Pods Resources */ = {
			isa = PBXShellScriptBuildPhase;
			buildActionMask = 2147483647;
			files = (
			);
			inputPaths = (
			);
			name = "[CP] Copy Pods Resources";
			outputPaths = (
			);
			runOnlyForDeploymentPostprocessing = 0;
			shellPath = /bin/sh;
			shellScript = "\"${SRCROOT}/Pods/Target Support Files/Pods-ProblemSister/Pods-ProblemSister-resources.sh\"\n";
			showEnvVarsInLog = 0;
		};
		EC60B928ADA5F8C07575876F /* [CP] Embed Pods Frameworks */ = {
			isa = PBXShellScriptBuildPhase;
			buildActionMask = 2147483647;
			files = (
			);
			inputPaths = (
			);
			name = "[CP] Embed Pods Frameworks";
			outputPaths = (
			);
			runOnlyForDeploymentPostprocessing = 0;
			shellPath = /bin/sh;
			shellScript = "\"${SRCROOT}/Pods/Target Support Files/Pods-ProblemSister/Pods-ProblemSister-frameworks.sh\"\n";
			showEnvVarsInLog = 0;
		};
/* End PBXShellScriptBuildPhase section */

/* Begin PBXSourcesBuildPhase section */
		4CDC62BE1D9FF5A100198F3C /* Sources */ = {
			isa = PBXSourcesBuildPhase;
			buildActionMask = 2147483647;
			files = (
				4C1371031DA5378900556B27 /* XMGRecommendUser.m in Sources */,
				4C4FA70F1DA28B7800ED0F85 /* main.m in Sources */,
				4C5ED8531DA4A47400F92774 /* XMGRecommendCategory.m in Sources */,
				4C6D99901DA38A47007D6F71 /* XMGNavigationController.m in Sources */,
				4C4FA70D1DA28B3900ED0F85 /* XMGTabBar.m in Sources */,
				4C4FA70C1DA28B3900ED0F85 /* XMGTabBarController.m in Sources */,
				4C5ED8571DA4ADCB00F92774 /* XMGRecommendCategoryCell.m in Sources */,
				4C1370FF1DA5318E00556B27 /* XMGRecommendUserCell.m in Sources */,
				4C6D99961DA3F37F007D6F71 /* XMGRecommendViewController.m in Sources */,
				4C4FA7041DA28B3900ED0F85 /* XMGEssenceViewController.m in Sources */,
				4C4FA7081DA28B3900ED0F85 /* XMGNewViewController.m in Sources */,
				4C4FA7091DA28B3900ED0F85 /* AppDelegate.m in Sources */,
				4C4FA70A1DA28B3900ED0F85 /* UIBarButtonItem+XMGExtension.m in Sources */,
				4C4FA7071DA28B3900ED0F85 /* XMGMeViewController.m in Sources */,
				4C6D99991DA3F882007D6F71 /* Foundation+Log.m in Sources */,
				4C4FA70B1DA28B3900ED0F85 /* UIView+XMGExtension.m in Sources */,
				4C4FA7051DA28B3900ED0F85 /* XMGFriendTrendsViewController.m in Sources */,
			);
			runOnlyForDeploymentPostprocessing = 0;
		};
/* End PBXSourcesBuildPhase section */

/* Begin XCBuildConfiguration section */
		4CDC62D71D9FF5A100198F3C /* Debug */ = {
			isa = XCBuildConfiguration;
			buildSettings = {
				ALWAYS_SEARCH_USER_PATHS = NO;
				CLANG_ANALYZER_NONNULL = YES;
				CLANG_CXX_LANGUAGE_STANDARD = "gnu++0x";
				CLANG_CXX_LIBRARY = "libc++";
				CLANG_ENABLE_MODULES = YES;
				CLANG_ENABLE_OBJC_ARC = YES;
				CLANG_WARN_BOOL_CONVERSION = YES;
				CLANG_WARN_CONSTANT_CONVERSION = YES;
				CLANG_WARN_DIRECT_OBJC_ISA_USAGE = YES_ERROR;
				CLANG_WARN_DOCUMENTATION_COMMENTS = YES;
				CLANG_WARN_EMPTY_BODY = YES;
				CLANG_WARN_ENUM_CONVERSION = YES;
				CLANG_WARN_INFINITE_RECURSION = YES;
				CLANG_WARN_INT_CONVERSION = YES;
				CLANG_WARN_OBJC_ROOT_CLASS = YES_ERROR;
				CLANG_WARN_SUSPICIOUS_MOVES = YES;
				CLANG_WARN_UNREACHABLE_CODE = YES;
				CLANG_WARN__DUPLICATE_METHOD_MATCH = YES;
				"CODE_SIGN_IDENTITY[sdk=iphoneos*]" = "iPhone Developer";
				COPY_PHASE_STRIP = NO;
				DEBUG_INFORMATION_FORMAT = dwarf;
				ENABLE_STRICT_OBJC_MSGSEND = YES;
				ENABLE_TESTABILITY = YES;
				GCC_C_LANGUAGE_STANDARD = gnu99;
				GCC_DYNAMIC_NO_PIC = NO;
				GCC_NO_COMMON_BLOCKS = YES;
				GCC_OPTIMIZATION_LEVEL = 0;
				GCC_PREPROCESSOR_DEFINITIONS = (
					"DEBUG=1",
					"$(inherited)",
				);
				GCC_WARN_64_TO_32_BIT_CONVERSION = YES;
				GCC_WARN_ABOUT_RETURN_TYPE = YES_ERROR;
				GCC_WARN_UNDECLARED_SELECTOR = YES;
				GCC_WARN_UNINITIALIZED_AUTOS = YES_AGGRESSIVE;
				GCC_WARN_UNUSED_FUNCTION = YES;
				GCC_WARN_UNUSED_VARIABLE = YES;
				IPHONEOS_DEPLOYMENT_TARGET = 10.0;
				MTL_ENABLE_DEBUG_INFO = YES;
				ONLY_ACTIVE_ARCH = YES;
				SDKROOT = iphoneos;
			};
			name = Debug;
		};
		4CDC62D81D9FF5A100198F3C /* Release */ = {
			isa = XCBuildConfiguration;
			buildSettings = {
				ALWAYS_SEARCH_USER_PATHS = NO;
				CLANG_ANALYZER_NONNULL = YES;
				CLANG_CXX_LANGUAGE_STANDARD = "gnu++0x";
				CLANG_CXX_LIBRARY = "libc++";
				CLANG_ENABLE_MODULES = YES;
				CLANG_ENABLE_OBJC_ARC = YES;
				CLANG_WARN_BOOL_CONVERSION = YES;
				CLANG_WARN_CONSTANT_CONVERSION = YES;
				CLANG_WARN_DIRECT_OBJC_ISA_USAGE = YES_ERROR;
				CLANG_WARN_DOCUMENTATION_COMMENTS = YES;
				CLANG_WARN_EMPTY_BODY = YES;
				CLANG_WARN_ENUM_CONVERSION = YES;
				CLANG_WARN_INFINITE_RECURSION = YES;
				CLANG_WARN_INT_CONVERSION = YES;
				CLANG_WARN_OBJC_ROOT_CLASS = YES_ERROR;
				CLANG_WARN_SUSPICIOUS_MOVES = YES;
				CLANG_WARN_UNREACHABLE_CODE = YES;
				CLANG_WARN__DUPLICATE_METHOD_MATCH = YES;
				"CODE_SIGN_IDENTITY[sdk=iphoneos*]" = "iPhone Developer";
				COPY_PHASE_STRIP = NO;
				DEBUG_INFORMATION_FORMAT = "dwarf-with-dsym";
				ENABLE_NS_ASSERTIONS = NO;
				ENABLE_STRICT_OBJC_MSGSEND = YES;
				GCC_C_LANGUAGE_STANDARD = gnu99;
				GCC_NO_COMMON_BLOCKS = YES;
				GCC_WARN_64_TO_32_BIT_CONVERSION = YES;
				GCC_WARN_ABOUT_RETURN_TYPE = YES_ERROR;
				GCC_WARN_UNDECLARED_SELECTOR = YES;
				GCC_WARN_UNINITIALIZED_AUTOS = YES_AGGRESSIVE;
				GCC_WARN_UNUSED_FUNCTION = YES;
				GCC_WARN_UNUSED_VARIABLE = YES;
				IPHONEOS_DEPLOYMENT_TARGET = 10.0;
				MTL_ENABLE_DEBUG_INFO = NO;
				SDKROOT = iphoneos;
				VALIDATE_PRODUCT = YES;
			};
			name = Release;
		};
		4CDC62DA1D9FF5A100198F3C /* Debug */ = {
			isa = XCBuildConfiguration;
			baseConfigurationReference = 1A930E0CB91491A5CFBD719A /* Pods-ProblemSister.debug.xcconfig */;
			buildSettings = {
				ASSETCATALOG_COMPILER_APPICON_NAME = AppIcon;
				ASSETCATALOG_COMPILER_LAUNCHIMAGE_NAME = LaunchImage;
				DEVELOPMENT_TEAM = 733VCMT28P;
				GCC_PREFIX_HEADER = "ProblemSister/Classes/Other-其他/PrefixHeader.pch";
				INFOPLIST_FILE = ProblemSister/Info.plist;
				LD_RUNPATH_SEARCH_PATHS = "$(inherited) @executable_path/Frameworks";
				PRODUCT_BUNDLE_IDENTIFIER = com.Michael.ProblemSister;
				PRODUCT_NAME = "$(TARGET_NAME)";
			};
			name = Debug;
		};
		4CDC62DB1D9FF5A100198F3C /* Release */ = {
			isa = XCBuildConfiguration;
			baseConfigurationReference = CC44D4436B15C2AD4FC462E8 /* Pods-ProblemSister.release.xcconfig */;
			buildSettings = {
				ASSETCATALOG_COMPILER_APPICON_NAME = AppIcon;
				ASSETCATALOG_COMPILER_LAUNCHIMAGE_NAME = LaunchImage;
				DEVELOPMENT_TEAM = 733VCMT28P;
				GCC_PREFIX_HEADER = "ProblemSister/Classes/Other-其他/PrefixHeader.pch";
				INFOPLIST_FILE = ProblemSister/Info.plist;
				LD_RUNPATH_SEARCH_PATHS = "$(inherited) @executable_path/Frameworks";
				PRODUCT_BUNDLE_IDENTIFIER = com.Michael.ProblemSister;
				PRODUCT_NAME = "$(TARGET_NAME)";
			};
			name = Release;
		};
/* End XCBuildConfiguration section */

/* Begin XCConfigurationList section */
		4CDC62BD1D9FF5A000198F3C /* Build configuration list for PBXProject "ProblemSister" */ = {
			isa = XCConfigurationList;
			buildConfigurations = (
				4CDC62D71D9FF5A100198F3C /* Debug */,
				4CDC62D81D9FF5A100198F3C /* Release */,
			);
			defaultConfigurationIsVisible = 0;
			defaultConfigurationName = Release;
		};
		4CDC62D91D9FF5A100198F3C /* Build configuration list for PBXNativeTarget "ProblemSister" */ = {
			isa = XCConfigurationList;
			buildConfigurations = (
				4CDC62DA1D9FF5A100198F3C /* Debug */,
				4CDC62DB1D9FF5A100198F3C /* Release */,
			);
			defaultConfigurationIsVisible = 0;
			defaultConfigurationName = Release;
		};
/* End XCConfigurationList section */
	};
	rootObject = 4CDC62BA1D9FF5A000198F3C /* Project object */;
}
